// !$*UTF8*$!
{
	archiveVersion = 1;
	classes = {
	};
	objectVersion = 55;
	objects = {

/* Begin PBXBuildFile section */
		013CC60C2801938400FD4F97 /* MobileVLCKit.xcframework in Frameworks */ = {isa = PBXBuildFile; fileRef = 013CC60B2801938400FD4F97 /* MobileVLCKit.xcframework */; };
		015AF18F27FAE05B00FB220A /* AppDelegate.swift in Sources */ = {isa = PBXBuildFile; fileRef = 015AF18E27FAE05B00FB220A /* AppDelegate.swift */; };
		015AF19127FAE05B00FB220A /* SceneDelegate.swift in Sources */ = {isa = PBXBuildFile; fileRef = 015AF19027FAE05B00FB220A /* SceneDelegate.swift */; };
		015AF19627FAE05B00FB220A /* Main.storyboard in Resources */ = {isa = PBXBuildFile; fileRef = 015AF19427FAE05B00FB220A /* Main.storyboard */; };
		015AF19927FAE05B00FB220A /* OnePlayer.xcdatamodeld in Sources */ = {isa = PBXBuildFile; fileRef = 015AF19727FAE05B00FB220A /* OnePlayer.xcdatamodeld */; };
		015AF19B27FAE05B00FB220A /* Assets.xcassets in Resources */ = {isa = PBXBuildFile; fileRef = 015AF19A27FAE05B00FB220A /* Assets.xcassets */; };
		015AF19E27FAE05B00FB220A /* LaunchScreen.storyboard in Resources */ = {isa = PBXBuildFile; fileRef = 015AF19C27FAE05B00FB220A /* LaunchScreen.storyboard */; };
		015AF1A927FAE05B00FB220A /* OnePlayerTests.swift in Sources */ = {isa = PBXBuildFile; fileRef = 015AF1A827FAE05B00FB220A /* OnePlayerTests.swift */; };
		015AF1B327FAE05B00FB220A /* OnePlayerUITests.swift in Sources */ = {isa = PBXBuildFile; fileRef = 015AF1B227FAE05B00FB220A /* OnePlayerUITests.swift */; };
		015AF1B527FAE05B00FB220A /* OnePlayerUITestsLaunchTests.swift in Sources */ = {isa = PBXBuildFile; fileRef = 015AF1B427FAE05B00FB220A /* OnePlayerUITestsLaunchTests.swift */; };
		017DCB8427FD8DAD00166018 /* AVPhotoViewController.swift in Sources */ = {isa = PBXBuildFile; fileRef = 017DCB8327FD8DAD00166018 /* AVPhotoViewController.swift */; };
		017F1A2A27FAE4580059EFE4 /* AVTabBarViewController.swift in Sources */ = {isa = PBXBuildFile; fileRef = 017F1A2927FAE4580059EFE4 /* AVTabBarViewController.swift */; };
		017F1A2C27FAE8A60059EFE4 /* Media.xcassets in Resources */ = {isa = PBXBuildFile; fileRef = 017F1A2B27FAE8A60059EFE4 /* Media.xcassets */; };
		017F1A2E27FB1F150059EFE4 /* AVLocaleTableViewController.swift in Sources */ = {isa = PBXBuildFile; fileRef = 017F1A2D27FB1F150059EFE4 /* AVLocaleTableViewController.swift */; };
		017F1A3027FB24050059EFE4 /* AVAlbumCollectionViewController.swift in Sources */ = {isa = PBXBuildFile; fileRef = 017F1A2F27FB24050059EFE4 /* AVAlbumCollectionViewController.swift */; };
		01A06DA12809183600C58B1E /* AVMedioPlayerViewController.swift in Sources */ = {isa = PBXBuildFile; fileRef = 01A06DA02809183600C58B1E /* AVMedioPlayerViewController.swift */; };
		01B85C442804018A000574A0 /* AVScrollPhotoView.swift in Sources */ = {isa = PBXBuildFile; fileRef = 01B85C432804018A000574A0 /* AVScrollPhotoView.swift */; };
		01C3F9922802ADA000C7C00E /* UIImageView+Extension.swift in Sources */ = {isa = PBXBuildFile; fileRef = 01C3F9912802ADA000C7C00E /* UIImageView+Extension.swift */; };
		01DA47A427FC3C1A00F7841E /* AVAlbumCollectionViewCell.swift in Sources */ = {isa = PBXBuildFile; fileRef = 01DA47A327FC3C1A00F7841E /* AVAlbumCollectionViewCell.swift */; };
		01DA47A627FC67D100F7841E /* AVPhotosCollectionViewController.swift in Sources */ = {isa = PBXBuildFile; fileRef = 01DA47A527FC67D100F7841E /* AVPhotosCollectionViewController.swift */; };
		01DA47A827FC6A6700F7841E /* AVPhotoCollectionViewCell.swift in Sources */ = {isa = PBXBuildFile; fileRef = 01DA47A727FC6A6700F7841E /* AVPhotoCollectionViewCell.swift */; };
		BB1E3C870E8136C2263CB5CA /* Pods_OnePlayer.framework in Frameworks */ = {isa = PBXBuildFile; fileRef = FE2D53649E3ABAA0379E2AD9 /* Pods_OnePlayer.framework */; };
/* End PBXBuildFile section */

/* Begin PBXContainerItemProxy section */
		015AF1A527FAE05B00FB220A /* PBXContainerItemProxy */ = {
			isa = PBXContainerItemProxy;
			containerPortal = 015AF18327FAE05B00FB220A /* Project object */;
			proxyType = 1;
			remoteGlobalIDString = 015AF18A27FAE05B00FB220A;
			remoteInfo = OnePlayer;
		};
		015AF1AF27FAE05B00FB220A /* PBXContainerItemProxy */ = {
			isa = PBXContainerItemProxy;
			containerPortal = 015AF18327FAE05B00FB220A /* Project object */;
			proxyType = 1;
			remoteGlobalIDString = 015AF18A27FAE05B00FB220A;
			remoteInfo = OnePlayer;
		};
/* End PBXContainerItemProxy section */

/* Begin PBXFileReference section */
		013CC60A2801916C00FD4F97 /* OnePlayer-Bridging-Header.h */ = {isa = PBXFileReference; lastKnownFileType = sourcecode.c.h; path = "OnePlayer-Bridging-Header.h"; sourceTree = "<group>"; };
		013CC60B2801938400FD4F97 /* MobileVLCKit.xcframework */ = {isa = PBXFileReference; lastKnownFileType = wrapper.xcframework; name = MobileVLCKit.xcframework; path = Pods/MobileVLCKit/MobileVLCKit.xcframework; sourceTree = "<group>"; };
		015AF18B27FAE05B00FB220A /* OnePlayer.app */ = {isa = PBXFileReference; explicitFileType = wrapper.application; includeInIndex = 0; path = OnePlayer.app; sourceTree = BUILT_PRODUCTS_DIR; };
		015AF18E27FAE05B00FB220A /* AppDelegate.swift */ = {isa = PBXFileReference; lastKnownFileType = sourcecode.swift; path = AppDelegate.swift; sourceTree = "<group>"; };
		015AF19027FAE05B00FB220A /* SceneDelegate.swift */ = {isa = PBXFileReference; lastKnownFileType = sourcecode.swift; path = SceneDelegate.swift; sourceTree = "<group>"; };
		015AF19527FAE05B00FB220A /* Base */ = {isa = PBXFileReference; lastKnownFileType = file.storyboard; name = Base; path = Base.lproj/Main.storyboard; sourceTree = "<group>"; };
		015AF19827FAE05B00FB220A /* OnePlayer.xcdatamodel */ = {isa = PBXFileReference; lastKnownFileType = wrapper.xcdatamodel; path = OnePlayer.xcdatamodel; sourceTree = "<group>"; };
		015AF19A27FAE05B00FB220A /* Assets.xcassets */ = {isa = PBXFileReference; lastKnownFileType = folder.assetcatalog; path = Assets.xcassets; sourceTree = "<group>"; };
		015AF19D27FAE05B00FB220A /* Base */ = {isa = PBXFileReference; lastKnownFileType = file.storyboard; name = Base; path = Base.lproj/LaunchScreen.storyboard; sourceTree = "<group>"; };
		015AF19F27FAE05B00FB220A /* Info.plist */ = {isa = PBXFileReference; lastKnownFileType = text.plist.xml; path = Info.plist; sourceTree = "<group>"; };
		015AF1A427FAE05B00FB220A /* OnePlayerTests.xctest */ = {isa = PBXFileReference; explicitFileType = wrapper.cfbundle; includeInIndex = 0; path = OnePlayerTests.xctest; sourceTree = BUILT_PRODUCTS_DIR; };
		015AF1A827FAE05B00FB220A /* OnePlayerTests.swift */ = {isa = PBXFileReference; lastKnownFileType = sourcecode.swift; path = OnePlayerTests.swift; sourceTree = "<group>"; };
		015AF1AE27FAE05B00FB220A /* OnePlayerUITests.xctest */ = {isa = PBXFileReference; explicitFileType = wrapper.cfbundle; includeInIndex = 0; path = OnePlayerUITests.xctest; sourceTree = BUILT_PRODUCTS_DIR; };
		015AF1B227FAE05B00FB220A /* OnePlayerUITests.swift */ = {isa = PBXFileReference; lastKnownFileType = sourcecode.swift; path = OnePlayerUITests.swift; sourceTree = "<group>"; };
		015AF1B427FAE05B00FB220A /* OnePlayerUITestsLaunchTests.swift */ = {isa = PBXFileReference; lastKnownFileType = sourcecode.swift; path = OnePlayerUITestsLaunchTests.swift; sourceTree = "<group>"; };
		017DCB8327FD8DAD00166018 /* AVPhotoViewController.swift */ = {isa = PBXFileReference; lastKnownFileType = sourcecode.swift; path = AVPhotoViewController.swift; sourceTree = "<group>"; };
		017F1A2927FAE4580059EFE4 /* AVTabBarViewController.swift */ = {isa = PBXFileReference; lastKnownFileType = sourcecode.swift; path = AVTabBarViewController.swift; sourceTree = "<group>"; };
		017F1A2B27FAE8A60059EFE4 /* Media.xcassets */ = {isa = PBXFileReference; lastKnownFileType = folder.assetcatalog; path = Media.xcassets; sourceTree = "<group>"; };
		017F1A2D27FB1F150059EFE4 /* AVLocaleTableViewController.swift */ = {isa = PBXFileReference; lastKnownFileType = sourcecode.swift; path = AVLocaleTableViewController.swift; sourceTree = "<group>"; };
		017F1A2F27FB24050059EFE4 /* AVAlbumCollectionViewController.swift */ = {isa = PBXFileReference; lastKnownFileType = sourcecode.swift; path = AVAlbumCollectionViewController.swift; sourceTree = "<group>"; };
		01A06DA02809183600C58B1E /* AVMedioPlayerViewController.swift */ = {isa = PBXFileReference; lastKnownFileType = sourcecode.swift; path = AVMedioPlayerViewController.swift; sourceTree = "<group>"; };
		01B85C432804018A000574A0 /* AVScrollPhotoView.swift */ = {isa = PBXFileReference; lastKnownFileType = sourcecode.swift; path = AVScrollPhotoView.swift; sourceTree = "<group>"; };
		01C3F9912802ADA000C7C00E /* UIImageView+Extension.swift */ = {isa = PBXFileReference; lastKnownFileType = sourcecode.swift; path = "UIImageView+Extension.swift"; sourceTree = "<group>"; };
		01DA47A327FC3C1A00F7841E /* AVAlbumCollectionViewCell.swift */ = {isa = PBXFileReference; lastKnownFileType = sourcecode.swift; path = AVAlbumCollectionViewCell.swift; sourceTree = "<group>"; };
		01DA47A527FC67D100F7841E /* AVPhotosCollectionViewController.swift */ = {isa = PBXFileReference; lastKnownFileType = sourcecode.swift; path = AVPhotosCollectionViewController.swift; sourceTree = "<group>"; };
		01DA47A727FC6A6700F7841E /* AVPhotoCollectionViewCell.swift */ = {isa = PBXFileReference; lastKnownFileType = sourcecode.swift; path = AVPhotoCollectionViewCell.swift; sourceTree = "<group>"; };
		3728A60C759E6DAB67C658B1 /* Pods-OnePlayer.release.xcconfig */ = {isa = PBXFileReference; includeInIndex = 1; lastKnownFileType = text.xcconfig; name = "Pods-OnePlayer.release.xcconfig"; path = "Target Support Files/Pods-OnePlayer/Pods-OnePlayer.release.xcconfig"; sourceTree = "<group>"; };
		F2314D027B9E28F8EF227A17 /* Pods-OnePlayer.debug.xcconfig */ = {isa = PBXFileReference; includeInIndex = 1; lastKnownFileType = text.xcconfig; name = "Pods-OnePlayer.debug.xcconfig"; path = "Target Support Files/Pods-OnePlayer/Pods-OnePlayer.debug.xcconfig"; sourceTree = "<group>"; };
		FE2D53649E3ABAA0379E2AD9 /* Pods_OnePlayer.framework */ = {isa = PBXFileReference; explicitFileType = wrapper.framework; includeInIndex = 0; path = Pods_OnePlayer.framework; sourceTree = BUILT_PRODUCTS_DIR; };
/* End PBXFileReference section */

/* Begin PBXFrameworksBuildPhase section */
		015AF18827FAE05B00FB220A /* Frameworks */ = {
			isa = PBXFrameworksBuildPhase;
			buildActionMask = 2147483647;
			files = (
				013CC60C2801938400FD4F97 /* MobileVLCKit.xcframework in Frameworks */,
				BB1E3C870E8136C2263CB5CA /* Pods_OnePlayer.framework in Frameworks */,
			);
			runOnlyForDeploymentPostprocessing = 0;
		};
		015AF1A127FAE05B00FB220A /* Frameworks */ = {
			isa = PBXFrameworksBuildPhase;
			buildActionMask = 2147483647;
			files = (
			);
			runOnlyForDeploymentPostprocessing = 0;
		};
		015AF1AB27FAE05B00FB220A /* Frameworks */ = {
			isa = PBXFrameworksBuildPhase;
			buildActionMask = 2147483647;
			files = (
			);
			runOnlyForDeploymentPostprocessing = 0;
		};
/* End PBXFrameworksBuildPhase section */

/* Begin PBXGroup section */
		002CCDDB9FFD5D9071F7002C /* Frameworks */ = {
			isa = PBXGroup;
			children = (
				013CC60B2801938400FD4F97 /* MobileVLCKit.xcframework */,
				FE2D53649E3ABAA0379E2AD9 /* Pods_OnePlayer.framework */,
			);
			name = Frameworks;
			sourceTree = "<group>";
		};
		015AF18227FAE05B00FB220A = {
			isa = PBXGroup;
			children = (
				015AF18D27FAE05B00FB220A /* OnePlayer */,
				015AF1A727FAE05B00FB220A /* OnePlayerTests */,
				015AF1B127FAE05B00FB220A /* OnePlayerUITests */,
				015AF18C27FAE05B00FB220A /* Products */,
				DDD2E526CC604A1644841CE7 /* Pods */,
				002CCDDB9FFD5D9071F7002C /* Frameworks */,
			);
			sourceTree = "<group>";
		};
		015AF18C27FAE05B00FB220A /* Products */ = {
			isa = PBXGroup;
			children = (
				015AF18B27FAE05B00FB220A /* OnePlayer.app */,
				015AF1A427FAE05B00FB220A /* OnePlayerTests.xctest */,
				015AF1AE27FAE05B00FB220A /* OnePlayerUITests.xctest */,
			);
			name = Products;
			sourceTree = "<group>";
		};
		015AF18D27FAE05B00FB220A /* OnePlayer */ = {
			isa = PBXGroup;
			children = (
				013CC60A2801916C00FD4F97 /* OnePlayer-Bridging-Header.h */,
				015AF18E27FAE05B00FB220A /* AppDelegate.swift */,
				015AF19027FAE05B00FB220A /* SceneDelegate.swift */,
				015AF19427FAE05B00FB220A /* Main.storyboard */,
				015AF19A27FAE05B00FB220A /* Assets.xcassets */,
				015AF19C27FAE05B00FB220A /* LaunchScreen.storyboard */,
				015AF19F27FAE05B00FB220A /* Info.plist */,
				015AF19727FAE05B00FB220A /* OnePlayer.xcdatamodeld */,
				017F1A2927FAE4580059EFE4 /* AVTabBarViewController.swift */,
				017F1A2D27FB1F150059EFE4 /* AVLocaleTableViewController.swift */,
				017F1A2F27FB24050059EFE4 /* AVAlbumCollectionViewController.swift */,
				01C3F9912802ADA000C7C00E /* UIImageView+Extension.swift */,
				01DA47A327FC3C1A00F7841E /* AVAlbumCollectionViewCell.swift */,
				01DA47A527FC67D100F7841E /* AVPhotosCollectionViewController.swift */,
				01DA47A727FC6A6700F7841E /* AVPhotoCollectionViewCell.swift */,
				017DCB8327FD8DAD00166018 /* AVPhotoViewController.swift */,
				01B85C432804018A000574A0 /* AVScrollPhotoView.swift */,
				017F1A2B27FAE8A60059EFE4 /* Media.xcassets */,
				01A06DA02809183600C58B1E /* AVMedioPlayerViewController.swift */,
			);
			path = OnePlayer;
			sourceTree = "<group>";
		};
		015AF1A727FAE05B00FB220A /* OnePlayerTests */ = {
			isa = PBXGroup;
			children = (
				015AF1A827FAE05B00FB220A /* OnePlayerTests.swift */,
			);
			path = OnePlayerTests;
			sourceTree = "<group>";
		};
		015AF1B127FAE05B00FB220A /* OnePlayerUITests */ = {
			isa = PBXGroup;
			children = (
				015AF1B227FAE05B00FB220A /* OnePlayerUITests.swift */,
				015AF1B427FAE05B00FB220A /* OnePlayerUITestsLaunchTests.swift */,
			);
			path = OnePlayerUITests;
			sourceTree = "<group>";
		};
		DDD2E526CC604A1644841CE7 /* Pods */ = {
			isa = PBXGroup;
			children = (
				F2314D027B9E28F8EF227A17 /* Pods-OnePlayer.debug.xcconfig */,
				3728A60C759E6DAB67C658B1 /* Pods-OnePlayer.release.xcconfig */,
			);
			path = Pods;
			sourceTree = "<group>";
		};
/* End PBXGroup section */

/* Begin PBXNativeTarget section */
		015AF18A27FAE05B00FB220A /* OnePlayer */ = {
			isa = PBXNativeTarget;
			buildConfigurationList = 015AF1B827FAE05B00FB220A /* Build configuration list for PBXNativeTarget "OnePlayer" */;
			buildPhases = (
				977009E6041806123CABE8C1 /* [CP] Check Pods Manifest.lock */,
				015AF18727FAE05B00FB220A /* Sources */,
				015AF18827FAE05B00FB220A /* Frameworks */,
				015AF18927FAE05B00FB220A /* Resources */,
				F6A3E1D8E405319F4D003764 /* [CP] Embed Pods Frameworks */,
			);
			buildRules = (
			);
			dependencies = (
			);
			name = OnePlayer;
			productName = OnePlayer;
			productReference = 015AF18B27FAE05B00FB220A /* OnePlayer.app */;
			productType = "com.apple.product-type.application";
		};
		015AF1A327FAE05B00FB220A /* OnePlayerTests */ = {
			isa = PBXNativeTarget;
			buildConfigurationList = 015AF1BB27FAE05B00FB220A /* Build configuration list for PBXNativeTarget "OnePlayerTests" */;
			buildPhases = (
				015AF1A027FAE05B00FB220A /* Sources */,
				015AF1A127FAE05B00FB220A /* Frameworks */,
				015AF1A227FAE05B00FB220A /* Resources */,
			);
			buildRules = (
			);
			dependencies = (
				015AF1A627FAE05B00FB220A /* PBXTargetDependency */,
			);
			name = OnePlayerTests;
			productName = OnePlayerTests;
			productReference = 015AF1A427FAE05B00FB220A /* OnePlayerTests.xctest */;
			productType = "com.apple.product-type.bundle.unit-test";
		};
		015AF1AD27FAE05B00FB220A /* OnePlayerUITests */ = {
			isa = PBXNativeTarget;
			buildConfigurationList = 015AF1BE27FAE05B00FB220A /* Build configuration list for PBXNativeTarget "OnePlayerUITests" */;
			buildPhases = (
				015AF1AA27FAE05B00FB220A /* Sources */,
				015AF1AB27FAE05B00FB220A /* Frameworks */,
				015AF1AC27FAE05B00FB220A /* Resources */,
			);
			buildRules = (
			);
			dependencies = (
				015AF1B027FAE05B00FB220A /* PBXTargetDependency */,
			);
			name = OnePlayerUITests;
			productName = OnePlayerUITests;
			productReference = 015AF1AE27FAE05B00FB220A /* OnePlayerUITests.xctest */;
			productType = "com.apple.product-type.bundle.ui-testing";
		};
/* End PBXNativeTarget section */

/* Begin PBXProject section */
		015AF18327FAE05B00FB220A /* Project object */ = {
			isa = PBXProject;
			attributes = {
				BuildIndependentTargetsInParallel = 1;
				LastSwiftUpdateCheck = 1330;
				LastUpgradeCheck = 1330;
				TargetAttributes = {
					015AF18A27FAE05B00FB220A = {
						CreatedOnToolsVersion = 13.3;
					};
					015AF1A327FAE05B00FB220A = {
						CreatedOnToolsVersion = 13.3;
						TestTargetID = 015AF18A27FAE05B00FB220A;
					};
					015AF1AD27FAE05B00FB220A = {
						CreatedOnToolsVersion = 13.3;
						TestTargetID = 015AF18A27FAE05B00FB220A;
					};
				};
			};
			buildConfigurationList = 015AF18627FAE05B00FB220A /* Build configuration list for PBXProject "OnePlayer" */;
			compatibilityVersion = "Xcode 13.0";
			developmentRegion = en;
			hasScannedForEncodings = 0;
			knownRegions = (
				en,
				Base,
			);
			mainGroup = 015AF18227FAE05B00FB220A;
			productRefGroup = 015AF18C27FAE05B00FB220A /* Products */;
			projectDirPath = "";
			projectRoot = "";
			targets = (
				015AF18A27FAE05B00FB220A /* OnePlayer */,
				015AF1A327FAE05B00FB220A /* OnePlayerTests */,
				015AF1AD27FAE05B00FB220A /* OnePlayerUITests */,
			);
		};
/* End PBXProject section */

/* Begin PBXResourcesBuildPhase section */
		015AF18927FAE05B00FB220A /* Resources */ = {
			isa = PBXResourcesBuildPhase;
			buildActionMask = 2147483647;
			files = (
				015AF19E27FAE05B00FB220A /* LaunchScreen.storyboard in Resources */,
				015AF19B27FAE05B00FB220A /* Assets.xcassets in Resources */,
				017F1A2C27FAE8A60059EFE4 /* Media.xcassets in Resources */,
				015AF19627FAE05B00FB220A /* Main.storyboard in Resources */,
			);
			runOnlyForDeploymentPostprocessing = 0;
		};
		015AF1A227FAE05B00FB220A /* Resources */ = {
			isa = PBXResourcesBuildPhase;
			buildActionMask = 2147483647;
			files = (
			);
			runOnlyForDeploymentPostprocessing = 0;
		};
		015AF1AC27FAE05B00FB220A /* Resources */ = {
			isa = PBXResourcesBuildPhase;
			buildActionMask = 2147483647;
			files = (
			);
			runOnlyForDeploymentPostprocessing = 0;
		};
/* End PBXResourcesBuildPhase section */

/* Begin PBXShellScriptBuildPhase section */
		977009E6041806123CABE8C1 /* [CP] Check Pods Manifest.lock */ = {
			isa = PBXShellScriptBuildPhase;
			buildActionMask = 2147483647;
			files = (
			);
			inputFileListPaths = (
			);
			inputPaths = (
				"${PODS_PODFILE_DIR_PATH}/Podfile.lock",
				"${PODS_ROOT}/Manifest.lock",
			);
			name = "[CP] Check Pods Manifest.lock";
			outputFileListPaths = (
			);
			outputPaths = (
				"$(DERIVED_FILE_DIR)/Pods-OnePlayer-checkManifestLockResult.txt",
			);
			runOnlyForDeploymentPostprocessing = 0;
			shellPath = /bin/sh;
			shellScript = "diff \"${PODS_PODFILE_DIR_PATH}/Podfile.lock\" \"${PODS_ROOT}/Manifest.lock\" > /dev/null\nif [ $? != 0 ] ; then\n    # print error to STDERR\n    echo \"error: The sandbox is not in sync with the Podfile.lock. Run 'pod install' or update your CocoaPods installation.\" >&2\n    exit 1\nfi\n# This output is used by Xcode 'outputs' to avoid re-running this script phase.\necho \"SUCCESS\" > \"${SCRIPT_OUTPUT_FILE_0}\"\n";
			showEnvVarsInLog = 0;
		};
		F6A3E1D8E405319F4D003764 /* [CP] Embed Pods Frameworks */ = {
			isa = PBXShellScriptBuildPhase;
			buildActionMask = 2147483647;
			files = (
			);
			inputFileListPaths = (
				"${PODS_ROOT}/Target Support Files/Pods-OnePlayer/Pods-OnePlayer-frameworks-${CONFIGURATION}-input-files.xcfilelist",
			);
			name = "[CP] Embed Pods Frameworks";
			outputFileListPaths = (
				"${PODS_ROOT}/Target Support Files/Pods-OnePlayer/Pods-OnePlayer-frameworks-${CONFIGURATION}-output-files.xcfilelist",
			);
			runOnlyForDeploymentPostprocessing = 0;
			shellPath = /bin/sh;
			shellScript = "\"${PODS_ROOT}/Target Support Files/Pods-OnePlayer/Pods-OnePlayer-frameworks.sh\"\n";
			showEnvVarsInLog = 0;
		};
/* End PBXShellScriptBuildPhase section */

/* Begin PBXSourcesBuildPhase section */
		015AF18727FAE05B00FB220A /* Sources */ = {
			isa = PBXSourcesBuildPhase;
			buildActionMask = 2147483647;
			files = (
				017DCB8427FD8DAD00166018 /* AVPhotoViewController.swift in Sources */,
				01DA47A427FC3C1A00F7841E /* AVAlbumCollectionViewCell.swift in Sources */,
				01C3F9922802ADA000C7C00E /* UIImageView+Extension.swift in Sources */,
				015AF19927FAE05B00FB220A /* OnePlayer.xcdatamodeld in Sources */,
				017F1A2E27FB1F150059EFE4 /* AVLocaleTableViewController.swift in Sources */,
				01B85C442804018A000574A0 /* AVScrollPhotoView.swift in Sources */,
				017F1A3027FB24050059EFE4 /* AVAlbumCollectionViewController.swift in Sources */,
				01DA47A627FC67D100F7841E /* AVPhotosCollectionViewController.swift in Sources */,
				015AF18F27FAE05B00FB220A /* AppDelegate.swift in Sources */,
				015AF19127FAE05B00FB220A /* SceneDelegate.swift in Sources */,
				01A06DA12809183600C58B1E /* AVMedioPlayerViewController.swift in Sources */,
				01DA47A827FC6A6700F7841E /* AVPhotoCollectionViewCell.swift in Sources */,
				017F1A2A27FAE4580059EFE4 /* AVTabBarViewController.swift in Sources */,
			);
			runOnlyForDeploymentPostprocessing = 0;
		};
		015AF1A027FAE05B00FB220A /* Sources */ = {
			isa = PBXSourcesBuildPhase;
			buildActionMask = 2147483647;
			files = (
				015AF1A927FAE05B00FB220A /* OnePlayerTests.swift in Sources */,
			);
			runOnlyForDeploymentPostprocessing = 0;
		};
		015AF1AA27FAE05B00FB220A /* Sources */ = {
			isa = PBXSourcesBuildPhase;
			buildActionMask = 2147483647;
			files = (
				015AF1B527FAE05B00FB220A /* OnePlayerUITestsLaunchTests.swift in Sources */,
				015AF1B327FAE05B00FB220A /* OnePlayerUITests.swift in Sources */,
			);
			runOnlyForDeploymentPostprocessing = 0;
		};
/* End PBXSourcesBuildPhase section */

/* Begin PBXTargetDependency section */
		015AF1A627FAE05B00FB220A /* PBXTargetDependency */ = {
			isa = PBXTargetDependency;
			target = 015AF18A27FAE05B00FB220A /* OnePlayer */;
			targetProxy = 015AF1A527FAE05B00FB220A /* PBXContainerItemProxy */;
		};
		015AF1B027FAE05B00FB220A /* PBXTargetDependency */ = {
			isa = PBXTargetDependency;
			target = 015AF18A27FAE05B00FB220A /* OnePlayer */;
			targetProxy = 015AF1AF27FAE05B00FB220A /* PBXContainerItemProxy */;
		};
/* End PBXTargetDependency section */

/* Begin PBXVariantGroup section */
		015AF19427FAE05B00FB220A /* Main.storyboard */ = {
			isa = PBXVariantGroup;
			children = (
				015AF19527FAE05B00FB220A /* Base */,
			);
			name = Main.storyboard;
			sourceTree = "<group>";
		};
		015AF19C27FAE05B00FB220A /* LaunchScreen.storyboard */ = {
			isa = PBXVariantGroup;
			children = (
				015AF19D27FAE05B00FB220A /* Base */,
			);
			name = LaunchScreen.storyboard;
			sourceTree = "<group>";
		};
/* End PBXVariantGroup section */

/* Begin XCBuildConfiguration section */
		015AF1B627FAE05B00FB220A /* Debug */ = {
			isa = XCBuildConfiguration;
			buildSettings = {
				ALWAYS_SEARCH_USER_PATHS = NO;
				CLANG_ANALYZER_NONNULL = YES;
				CLANG_ANALYZER_NUMBER_OBJECT_CONVERSION = YES_AGGRESSIVE;
				CLANG_CXX_LANGUAGE_STANDARD = "gnu++17";
				CLANG_ENABLE_MODULES = YES;
				CLANG_ENABLE_OBJC_ARC = YES;
				CLANG_ENABLE_OBJC_WEAK = YES;
				CLANG_WARN_BLOCK_CAPTURE_AUTORELEASING = YES;
				CLANG_WARN_BOOL_CONVERSION = YES;
				CLANG_WARN_COMMA = YES;
				CLANG_WARN_CONSTANT_CONVERSION = YES;
				CLANG_WARN_DEPRECATED_OBJC_IMPLEMENTATIONS = YES;
				CLANG_WARN_DIRECT_OBJC_ISA_USAGE = YES_ERROR;
				CLANG_WARN_DOCUMENTATION_COMMENTS = YES;
				CLANG_WARN_EMPTY_BODY = YES;
				CLANG_WARN_ENUM_CONVERSION = YES;
				CLANG_WARN_INFINITE_RECURSION = YES;
				CLANG_WARN_INT_CONVERSION = YES;
				CLANG_WARN_NON_LITERAL_NULL_CONVERSION = YES;
				CLANG_WARN_OBJC_IMPLICIT_RETAIN_SELF = YES;
				CLANG_WARN_OBJC_LITERAL_CONVERSION = YES;
				CLANG_WARN_OBJC_ROOT_CLASS = YES_ERROR;
				CLANG_WARN_QUOTED_INCLUDE_IN_FRAMEWORK_HEADER = YES;
				CLANG_WARN_RANGE_LOOP_ANALYSIS = YES;
				CLANG_WARN_STRICT_PROTOTYPES = YES;
				CLANG_WARN_SUSPICIOUS_MOVE = YES;
				CLANG_WARN_UNGUARDED_AVAILABILITY = YES_AGGRESSIVE;
				CLANG_WARN_UNREACHABLE_CODE = YES;
				CLANG_WARN__DUPLICATE_METHOD_MATCH = YES;
				COPY_PHASE_STRIP = NO;
				DEBUG_INFORMATION_FORMAT = dwarf;
				ENABLE_STRICT_OBJC_MSGSEND = YES;
				ENABLE_TESTABILITY = YES;
				GCC_C_LANGUAGE_STANDARD = gnu11;
				GCC_DYNAMIC_NO_PIC = NO;
				GCC_NO_COMMON_BLOCKS = YES;
				GCC_OPTIMIZATION_LEVEL = 0;
				GCC_PREPROCESSOR_DEFINITIONS = (
					"DEBUG=1",
					"$(inherited)",
				);
				GCC_WARN_64_TO_32_BIT_CONVERSION = YES;
				GCC_WARN_ABOUT_RETURN_TYPE = YES_ERROR;
				GCC_WARN_UNDECLARED_SELECTOR = YES;
				GCC_WARN_UNINITIALIZED_AUTOS = YES_AGGRESSIVE;
				GCC_WARN_UNUSED_FUNCTION = YES;
				GCC_WARN_UNUSED_VARIABLE = YES;
				IPHONEOS_DEPLOYMENT_TARGET = 15.4;
				MTL_ENABLE_DEBUG_INFO = INCLUDE_SOURCE;
				MTL_FAST_MATH = YES;
				ONLY_ACTIVE_ARCH = YES;
				SDKROOT = iphoneos;
				SWIFT_ACTIVE_COMPILATION_CONDITIONS = DEBUG;
				SWIFT_OPTIMIZATION_LEVEL = "-Onone";
			};
			name = Debug;
		};
		015AF1B727FAE05B00FB220A /* Release */ = {
			isa = XCBuildConfiguration;
			buildSettings = {
				ALWAYS_SEARCH_USER_PATHS = NO;
				CLANG_ANALYZER_NONNULL = YES;
				CLANG_ANALYZER_NUMBER_OBJECT_CONVERSION = YES_AGGRESSIVE;
				CLANG_CXX_LANGUAGE_STANDARD = "gnu++17";
				CLANG_ENABLE_MODULES = YES;
				CLANG_ENABLE_OBJC_ARC = YES;
				CLANG_ENABLE_OBJC_WEAK = YES;
				CLANG_WARN_BLOCK_CAPTURE_AUTORELEASING = YES;
				CLANG_WARN_BOOL_CONVERSION = YES;
				CLANG_WARN_COMMA = YES;
				CLANG_WARN_CONSTANT_CONVERSION = YES;
				CLANG_WARN_DEPRECATED_OBJC_IMPLEMENTATIONS = YES;
				CLANG_WARN_DIRECT_OBJC_ISA_USAGE = YES_ERROR;
				CLANG_WARN_DOCUMENTATION_COMMENTS = YES;
				CLANG_WARN_EMPTY_BODY = YES;
				CLANG_WARN_ENUM_CONVERSION = YES;
				CLANG_WARN_INFINITE_RECURSION = YES;
				CLANG_WARN_INT_CONVERSION = YES;
				CLANG_WARN_NON_LITERAL_NULL_CONVERSION = YES;
				CLANG_WARN_OBJC_IMPLICIT_RETAIN_SELF = YES;
				CLANG_WARN_OBJC_LITERAL_CONVERSION = YES;
				CLANG_WARN_OBJC_ROOT_CLASS = YES_ERROR;
				CLANG_WARN_QUOTED_INCLUDE_IN_FRAMEWORK_HEADER = YES;
				CLANG_WARN_RANGE_LOOP_ANALYSIS = YES;
				CLANG_WARN_STRICT_PROTOTYPES = YES;
				CLANG_WARN_SUSPICIOUS_MOVE = YES;
				CLANG_WARN_UNGUARDED_AVAILABILITY = YES_AGGRESSIVE;
				CLANG_WARN_UNREACHABLE_CODE = YES;
				CLANG_WARN__DUPLICATE_METHOD_MATCH = YES;
				COPY_PHASE_STRIP = NO;
				DEBUG_INFORMATION_FORMAT = "dwarf-with-dsym";
				ENABLE_NS_ASSERTIONS = NO;
				ENABLE_STRICT_OBJC_MSGSEND = YES;
				GCC_C_LANGUAGE_STANDARD = gnu11;
				GCC_NO_COMMON_BLOCKS = YES;
				GCC_WARN_64_TO_32_BIT_CONVERSION = YES;
				GCC_WARN_ABOUT_RETURN_TYPE = YES_ERROR;
				GCC_WARN_UNDECLARED_SELECTOR = YES;
				GCC_WARN_UNINITIALIZED_AUTOS = YES_AGGRESSIVE;
				GCC_WARN_UNUSED_FUNCTION = YES;
				GCC_WARN_UNUSED_VARIABLE = YES;
				IPHONEOS_DEPLOYMENT_TARGET = 15.4;
				MTL_ENABLE_DEBUG_INFO = NO;
				MTL_FAST_MATH = YES;
				SDKROOT = iphoneos;
				SWIFT_COMPILATION_MODE = wholemodule;
				SWIFT_OPTIMIZATION_LEVEL = "-O";
				VALIDATE_PRODUCT = YES;
			};
			name = Release;
		};
		015AF1B927FAE05B00FB220A /* Debug */ = {
			isa = XCBuildConfiguration;
			baseConfigurationReference = F2314D027B9E28F8EF227A17 /* Pods-OnePlayer.debug.xcconfig */;
			buildSettings = {
				ASSETCATALOG_COMPILER_APPICON_NAME = AppIcon;
				ASSETCATALOG_COMPILER_GLOBAL_ACCENT_COLOR_NAME = AccentColor;
				CODE_SIGN_STYLE = Automatic;
				CURRENT_PROJECT_VERSION = 1;
				DEFINES_MODULE = YES;
				DEVELOPMENT_TEAM = 35886HBWAS;
				ENABLE_BITCODE = NO;
				GENERATE_INFOPLIST_FILE = YES;
				INFOPLIST_FILE = OnePlayer/Info.plist;
				INFOPLIST_KEY_UIApplicationSupportsIndirectInputEvents = YES;
				INFOPLIST_KEY_UILaunchStoryboardName = LaunchScreen;
				INFOPLIST_KEY_UIMainStoryboardFile = Main;
				INFOPLIST_KEY_UISupportedInterfaceOrientations_iPad = "UIInterfaceOrientationPortrait UIInterfaceOrientationPortraitUpsideDown UIInterfaceOrientationLandscapeLeft UIInterfaceOrientationLandscapeRight";
				INFOPLIST_KEY_UISupportedInterfaceOrientations_iPhone = "UIInterfaceOrientationPortrait UIInterfaceOrientationLandscapeLeft UIInterfaceOrientationLandscapeRight";
				IPHONEOS_DEPLOYMENT_TARGET = 15.1;
				LD_RUNPATH_SEARCH_PATHS = (
					"$(inherited)",
					"@executable_path/Frameworks",
				);
				MARKETING_VERSION = 1.0;
				PRODUCT_BUNDLE_IDENTIFIER = com.kris.OnePlayer;
				PRODUCT_NAME = "$(TARGET_NAME)";
				SWIFT_EMIT_LOC_STRINGS = YES;
				"SWIFT_OBJC_BRIDGING_HEADER[sdk=iphonesimulator*]" = "${PROJECT_DIR}/OnePlayer/OnePlayer-Bridging-Header.h";
				SWIFT_VERSION = 5.0;
				TARGETED_DEVICE_FAMILY = "1,2";
			};
			name = Debug;
		};
		015AF1BA27FAE05B00FB220A /* Release */ = {
			isa = XCBuildConfiguration;
			baseConfigurationReference = 3728A60C759E6DAB67C658B1 /* Pods-OnePlayer.release.xcconfig */;
			buildSettings = {
				ASSETCATALOG_COMPILER_APPICON_NAME = AppIcon;
				ASSETCATALOG_COMPILER_GLOBAL_ACCENT_COLOR_NAME = AccentColor;
				CODE_SIGN_STYLE = Automatic;
				CURRENT_PROJECT_VERSION = 1;
				DEFINES_MODULE = YES;
				DEVELOPMENT_TEAM = 35886HBWAS;
				ENABLE_BITCODE = NO;
				GENERATE_INFOPLIST_FILE = YES;
				INFOPLIST_FILE = OnePlayer/Info.plist;
				INFOPLIST_KEY_UIApplicationSupportsIndirectInputEvents = YES;
				INFOPLIST_KEY_UILaunchStoryboardName = LaunchScreen;
				INFOPLIST_KEY_UIMainStoryboardFile = Main;
				INFOPLIST_KEY_UISupportedInterfaceOrientations_iPad = "UIInterfaceOrientationPortrait UIInterfaceOrientationPortraitUpsideDown UIInterfaceOrientationLandscapeLeft UIInterfaceOrientationLandscapeRight";
				INFOPLIST_KEY_UISupportedInterfaceOrientations_iPhone = "UIInterfaceOrientationPortrait UIInterfaceOrientationLandscapeLeft UIInterfaceOrientationLandscapeRight";
				IPHONEOS_DEPLOYMENT_TARGET = 15.1;
				LD_RUNPATH_SEARCH_PATHS = (
					"$(inherited)",
					"@executable_path/Frameworks",
				);
				MARKETING_VERSION = 1.0;
				PRODUCT_BUNDLE_IDENTIFIER = com.kris.OnePlayer;
				PRODUCT_NAME = "$(TARGET_NAME)";
				SWIFT_EMIT_LOC_STRINGS = YES;
				SWIFT_VERSION = 5.0;
				TARGETED_DEVICE_FAMILY = "1,2";
			};
			name = Release;
		};
		015AF1BC27FAE05B00FB220A /* Debug */ = {
			isa = XCBuildConfiguration;
			buildSettings = {
				ALWAYS_EMBED_SWIFT_STANDARD_LIBRARIES = YES;
				BUNDLE_LOADER = "$(TEST_HOST)";
				CODE_SIGN_STYLE = Automatic;
				CURRENT_PROJECT_VERSION = 1;
				DEVELOPMENT_TEAM = 35886HBWAS;
				GENERATE_INFOPLIST_FILE = YES;
				IPHONEOS_DEPLOYMENT_TARGET = 15.4;
				MARKETING_VERSION = 1.0;
				PRODUCT_BUNDLE_IDENTIFIER = com.kris.OnePlayerTests;
				PRODUCT_NAME = "$(TARGET_NAME)";
				SWIFT_EMIT_LOC_STRINGS = NO;
				SWIFT_VERSION = 5.0;
				TARGETED_DEVICE_FAMILY = "1,2";
				TEST_HOST = "$(BUILT_PRODUCTS_DIR)/OnePlayer.app/OnePlayer";
			};
			name = Debug;
		};
		015AF1BD27FAE05B00FB220A /* Release */ = {
			isa = XCBuildConfiguration;
			buildSettings = {
				ALWAYS_EMBED_SWIFT_STANDARD_LIBRARIES = YES;
				BUNDLE_LOADER = "$(TEST_HOST)";
				CODE_SIGN_STYLE = Automatic;
				CURRENT_PROJECT_VERSION = 1;
				DEVELOPMENT_TEAM = 35886HBWAS;
				GENERATE_INFOPLIST_FILE = YES;
				IPHONEOS_DEPLOYMENT_TARGET = 15.4;
				MARKETING_VERSION = 1.0;
				PRODUCT_BUNDLE_IDENTIFIER = com.kris.OnePlayerTests;
				PRODUCT_NAME = "$(TARGET_NAME)";
				SWIFT_EMIT_LOC_STRINGS = NO;
				SWIFT_VERSION = 5.0;
				TARGETED_DEVICE_FAMILY = "1,2";
				TEST_HOST = "$(BUILT_PRODUCTS_DIR)/OnePlayer.app/OnePlayer";
			};
			name = Release;
		};
		015AF1BF27FAE05B00FB220A /* Debug */ = {
			isa = XCBuildConfiguration;
			buildSettings = {
				ALWAYS_EMBED_SWIFT_STANDARD_LIBRARIES = YES;
				CODE_SIGN_STYLE = Automatic;
				CURRENT_PROJECT_VERSION = 1;
				DEVELOPMENT_TEAM = 35886HBWAS;
				GENERATE_INFOPLIST_FILE = YES;
				MARKETING_VERSION = 1.0;
				PRODUCT_BUNDLE_IDENTIFIER = com.kris.OnePlayerUITests;
				PRODUCT_NAME = "$(TARGET_NAME)";
				SWIFT_EMIT_LOC_STRINGS = NO;
				SWIFT_VERSION = 5.0;
				TARGETED_DEVICE_FAMILY = "1,2";
				TEST_TARGET_NAME = OnePlayer;
			};
			name = Debug;
		};
		015AF1C027FAE05B00FB220A /* Release */ = {
			isa = XCBuildConfiguration;
			buildSettings = {
				ALWAYS_EMBED_SWIFT_STANDARD_LIBRARIES = YES;
				CODE_SIGN_STYLE = Automatic;
				CURRENT_PROJECT_VERSION = 1;
				DEVELOPMENT_TEAM = 35886HBWAS;
				GENERATE_INFOPLIST_FILE = YES;
				MARKETING_VERSION = 1.0;
				PRODUCT_BUNDLE_IDENTIFIER = com.kris.OnePlayerUITests;
				PRODUCT_NAME = "$(TARGET_NAME)";
				SWIFT_EMIT_LOC_STRINGS = NO;
				SWIFT_VERSION = 5.0;
				TARGETED_DEVICE_FAMILY = "1,2";
				TEST_TARGET_NAME = OnePlayer;
			};
			name = Release;
		};
/* End XCBuildConfiguration section */

/* Begin XCConfigurationList section */
		015AF18627FAE05B00FB220A /* Build configuration list for PBXProject "OnePlayer" */ = {
			isa = XCConfigurationList;
			buildConfigurations = (
				015AF1B627FAE05B00FB220A /* Debug */,
				015AF1B727FAE05B00FB220A /* Release */,
			);
			defaultConfigurationIsVisible = 0;
			defaultConfigurationName = Release;
		};
		015AF1B827FAE05B00FB220A /* Build configuration list for PBXNativeTarget "OnePlayer" */ = {
			isa = XCConfigurationList;
			buildConfigurations = (
				015AF1B927FAE05B00FB220A /* Debug */,
				015AF1BA27FAE05B00FB220A /* Release */,
			);
			defaultConfigurationIsVisible = 0;
			defaultConfigurationName = Release;
		};
		015AF1BB27FAE05B00FB220A /* Build configuration list for PBXNativeTarget "OnePlayerTests" */ = {
			isa = XCConfigurationList;
			buildConfigurations = (
				015AF1BC27FAE05B00FB220A /* Debug */,
				015AF1BD27FAE05B00FB220A /* Release */,
			);
			defaultConfigurationIsVisible = 0;
			defaultConfigurationName = Release;
		};
		015AF1BE27FAE05B00FB220A /* Build configuration list for PBXNativeTarget "OnePlayerUITests" */ = {
			isa = XCConfigurationList;
			buildConfigurations = (
				015AF1BF27FAE05B00FB220A /* Debug */,
				015AF1C027FAE05B00FB220A /* Release */,
			);
			defaultConfigurationIsVisible = 0;
			defaultConfigurationName = Release;
		};
/* End XCConfigurationList section */

/* Begin XCVersionGroup section */
		015AF19727FAE05B00FB220A /* OnePlayer.xcdatamodeld */ = {
			isa = XCVersionGroup;
			children = (
				015AF19827FAE05B00FB220A /* OnePlayer.xcdatamodel */,
			);
			currentVersion = 015AF19827FAE05B00FB220A /* OnePlayer.xcdatamodel */;
			path = OnePlayer.xcdatamodeld;
			sourceTree = "<group>";
			versionGroupType = wrapper.xcdatamodel;
		};
/* End XCVersionGroup section */
	};
	rootObject = 015AF18327FAE05B00FB220A /* Project object */;
}
